
Microsoft Visual Studio Solution File, Format Version 12.00
# Visual Studio Version 16
VisualStudioVersion = 16.0.30717.126
MinimumVisualStudioVersion = 10.0.40219.1
Project("{FAE04EC0-301F-11D3-BF4B-00C04F79EFBC}") = "lemmefind", "lemmefind\lemmefind.csproj", "{89B7856C-2AF4-4CA7-9C6E-0D30260EEC02}"
EndProject
Global
	GlobalSection(SolutionConfigurationPlatforms) = preSolution
		Debug|Any CPU = Debug|Any CPU
		Release|Any CPU = Release|Any CPU
	EndGlobalSection
	GlobalSection(ProjectConfigurationPlatforms) = postSolution
		{89B7856C-2AF4-4CA7-9C6E-0D30260EEC02}.Debug|Any CPU.ActiveCfg = Debug|Any CPU
		{89B7856C-2AF4-4CA7-9C6E-0D30260EEC02}.Debug|Any CPU.Build.0 = Debug|Any CPU
		{89B7856C-2AF4-4CA7-9C6E-0D30260EEC02}.Release|Any CPU.ActiveCfg = Release|Any CPU
		{89B7856C-2AF4-4CA7-9C6E-0D30260EEC02}.Release|Any CPU.Build.0 = Release|Any CPU
	EndGlobalSection
	GlobalSection(SolutionProperties) = preSolution
		HideSolutionNode = FALSE
	EndGlobalSection
	GlobalSection(ExtensibilityGlobals) = postSolution
		SolutionGuid = {93300DC9-3F64-49FA-A302-5B6A51B5F206}
	EndGlobalSection
EndGlobal
